{
	"name": "weather-cli-frontendlabtest",
	"version": "1.0.0",
	"lockfileVersion": 3,
	"requires": true,
	"packages": {
		"": {
			"name": "weather-cli-frontendlabtest",
			"version": "1.0.0",
			"license": "ISC",
			"dependencies": {
				"chalk": "5.6.2",
				"i18next": "26.3.1",
				"i18next-fs-backend": "2.6.6"
			},
			"bin": {
				"weather": "weather.js"
			}
		},
		"node_modules/chalk": {
			"version": "5.6.2",
			"resolved": "https://registry.npmjs.org/chalk/-/chalk-5.6.2.tgz",
			"integrity": "sha512-7NzBL0rN6fMUW+f7A6Io4h40qQlG+xGmtMxfbnH/K7TAtt8JQWVQK+6g0UXKMeVJoyV5EkkNsErQ8pVD3bLHbA==",
			"license": "MIT",
			"engines": {
				"node": "^12.17.0 || ^14.13 || >=16.0.0"
			},
			"funding": {
				"url": "https://github.com/chalk/chalk?sponsor=1"
			}
		},
		"node_modules/i18next": {
			"version": "26.3.1",
			"resolved": "https://registry.npmjs.org/i18next/-/i18next-26.3.1.tgz",
			"integrity": "sha512-txQqd5EULsqEh9OJqRH15aCaOuy/nLJyhw5EHCSKLKJE1aBbb3Zve2+uQIxgWhPm1QqUQoWyQBm2kfmmIrzkcQ==",
			"funding": [
				{
					"type": "individual",
					"url": "https://www.locize.com/i18next"
				},
				{
					"type": "individual",
					"url": "https://www.i18next.com/how-to/faq#i18next-is-awesome.-how-can-i-support-the-project"
				},
				{
					"type": "individual",
					"url": "https://www.locize.com"
				}
			],
			"license": "MIT",
			"peerDependencies": {
				"typescript": "^5 || ^6"
			},
			"peerDependenciesMeta": {
				"typescript": {
					"optional": true
				}
			}
		},
		"node_modules/i18next-fs-backend": {
			"version": "2.6.6",
			"resolved": "https://registry.npmjs.org/i18next-fs-backend/-/i18next-fs-backend-2.6.6.tgz",
			"integrity": "sha512-mYGu6Nt8RIp3X/U8Y+Gej1wo5xmYWmGKLqBGMCC2OCAou5rW5epeHgHmVcw20mJs9Z9+DAPHIxQPNCgFyPRMeg==",
			"license": "MIT"
		}
	}
}
